// !$*UTF8*$!
{
	archiveVersion = 1;
	classes = {
	};
	objectVersion = 50;
	objects = {

/* Begin PBXBuildFile section */
		266925AC2393AC5C0097C223 /* AppDelegate.swift in Sources */ = {isa = PBXBuildFile; fileRef = 266925AB2393AC5C0097C223 /* AppDelegate.swift */; };
		266925AE2393AC5C0097C223 /* SceneDelegate.swift in Sources */ = {isa = PBXBuildFile; fileRef = 266925AD2393AC5C0097C223 /* SceneDelegate.swift */; };
		266925B02393AC5C0097C223 /* ViewController.swift in Sources */ = {isa = PBXBuildFile; fileRef = 266925AF2393AC5C0097C223 /* ViewController.swift */; };
		266925B32393AC5C0097C223 /* Main.storyboard in Resources */ = {isa = PBXBuildFile; fileRef = 266925B12393AC5C0097C223 /* Main.storyboard */; };
		266925B52393AC5D0097C223 /* Assets.xcassets in Resources */ = {isa = PBXBuildFile; fileRef = 266925B42393AC5D0097C223 /* Assets.xcassets */; };
		266925B82393AC5D0097C223 /* LaunchScreen.storyboard in Resources */ = {isa = PBXBuildFile; fileRef = 266925B62393AC5D0097C223 /* LaunchScreen.storyboard */; };
		266925C92393BACA0097C223 /* AutoScaler.h in Headers */ = {isa = PBXBuildFile; fileRef = 266925C72393BACA0097C223 /* AutoScaler.h */; settings = {ATTRIBUTES = (Public, ); }; };
		266925CC2393BACA0097C223 /* AutoScaler.framework in Frameworks */ = {isa = PBXBuildFile; fileRef = 266925C52393BACA0097C223 /* AutoScaler.framework */; };
		266925CD2393BACA0097C223 /* AutoScaler.framework in Embed Frameworks */ = {isa = PBXBuildFile; fileRef = 266925C52393BACA0097C223 /* AutoScaler.framework */; settings = {ATTRIBUTES = (CodeSignOnCopy, RemoveHeadersOnCopy, ); }; };
		266925D32393BAD80097C223 /* SwizzleConfiguration.swift in Sources */ = {isa = PBXBuildFile; fileRef = 266925D22393BAD80097C223 /* SwizzleConfiguration.swift */; };
		266925D72393BDFE0097C223 /* DynamicFontScaling.swift in Sources */ = {isa = PBXBuildFile; fileRef = 266925D62393BDFE0097C223 /* DynamicFontScaling.swift */; };
		266925DA2393C20C0097C223 /* Screen.swift in Sources */ = {isa = PBXBuildFile; fileRef = 266925D92393C20C0097C223 /* Screen.swift */; };
		266925DC2393C5780097C223 /* Plist.swift in Sources */ = {isa = PBXBuildFile; fileRef = 266925DB2393C5780097C223 /* Plist.swift */; };
		26D51D4323941107003186D2 /* UIView+Swizzling.swift in Sources */ = {isa = PBXBuildFile; fileRef = 26D51D4223941107003186D2 /* UIView+Swizzling.swift */; };
		26D51D4523942954003186D2 /* Platforms.plist in Resources */ = {isa = PBXBuildFile; fileRef = 26D51D4423942954003186D2 /* Platforms.plist */; };
		26D51D4623942990003186D2 /* Platforms.plist in Resources */ = {isa = PBXBuildFile; fileRef = 26D51D4423942954003186D2 /* Platforms.plist */; };
/* End PBXBuildFile section */

/* Begin PBXContainerItemProxy section */
		266925CA2393BACA0097C223 /* PBXContainerItemProxy */ = {
			isa = PBXContainerItemProxy;
			containerPortal = 266925A02393AC5C0097C223 /* Project object */;
			proxyType = 1;
			remoteGlobalIDString = 266925C42393BACA0097C223;
			remoteInfo = AutoScaler;
		};
/* End PBXContainerItemProxy section */

/* Begin PBXCopyFilesBuildPhase section */
		266925D12393BACA0097C223 /* Embed Frameworks */ = {
			isa = PBXCopyFilesBuildPhase;
			buildActionMask = 2147483647;
			dstPath = "";
			dstSubfolderSpec = 10;
			files = (
				266925CD2393BACA0097C223 /* AutoScaler.framework in Embed Frameworks */,
			);
			name = "Embed Frameworks";
			runOnlyForDeploymentPostprocessing = 0;
		};
/* End PBXCopyFilesBuildPhase section */

/* Begin PBXFileReference section */
		266925A82393AC5C0097C223 /* AutoScale.app */ = {isa = PBXFileReference; explicitFileType = wrapper.application; includeInIndex = 0; path = AutoScale.app; sourceTree = BUILT_PRODUCTS_DIR; };
		266925AB2393AC5C0097C223 /* AppDelegate.swift */ = {isa = PBXFileReference; lastKnownFileType = sourcecode.swift; path = AppDelegate.swift; sourceTree = "<group>"; };
		266925AD2393AC5C0097C223 /* SceneDelegate.swift */ = {isa = PBXFileReference; lastKnownFileType = sourcecode.swift; path = SceneDelegate.swift; sourceTree = "<group>"; };
		266925AF2393AC5C0097C223 /* ViewController.swift */ = {isa = PBXFileReference; lastKnownFileType = sourcecode.swift; path = ViewController.swift; sourceTree = "<group>"; };
		266925B22393AC5C0097C223 /* Base */ = {isa = PBXFileReference; lastKnownFileType = file.storyboard; name = Base; path = Base.lproj/Main.storyboard; sourceTree = "<group>"; };
		266925B42393AC5D0097C223 /* Assets.xcassets */ = {isa = PBXFileReference; lastKnownFileType = folder.assetcatalog; path = Assets.xcassets; sourceTree = "<group>"; };
		266925B72393AC5D0097C223 /* Base */ = {isa = PBXFileReference; lastKnownFileType = file.storyboard; name = Base; path = Base.lproj/LaunchScreen.storyboard; sourceTree = "<group>"; };
		266925B92393AC5D0097C223 /* Info.plist */ = {isa = PBXFileReference; lastKnownFileType = text.plist.xml; path = Info.plist; sourceTree = "<group>"; };
		266925C52393BACA0097C223 /* AutoScaler.framework */ = {isa = PBXFileReference; explicitFileType = wrapper.framework; includeInIndex = 0; path = AutoScaler.framework; sourceTree = BUILT_PRODUCTS_DIR; };
		266925C72393BACA0097C223 /* AutoScaler.h */ = {isa = PBXFileReference; lastKnownFileType = sourcecode.c.h; path = AutoScaler.h; sourceTree = "<group>"; };
		266925C82393BACA0097C223 /* Info.plist */ = {isa = PBXFileReference; lastKnownFileType = text.plist.xml; path = Info.plist; sourceTree = "<group>"; };
		266925D22393BAD80097C223 /* SwizzleConfiguration.swift */ = {isa = PBXFileReference; lastKnownFileType = sourcecode.swift; path = SwizzleConfiguration.swift; sourceTree = "<group>"; };
		266925D62393BDFE0097C223 /* DynamicFontScaling.swift */ = {isa = PBXFileReference; lastKnownFileType = sourcecode.swift; path = DynamicFontScaling.swift; sourceTree = "<group>"; };
		266925D92393C20C0097C223 /* Screen.swift */ = {isa = PBXFileReference; lastKnownFileType = sourcecode.swift; path = Screen.swift; sourceTree = "<group>"; };
		266925DB2393C5780097C223 /* Plist.swift */ = {isa = PBXFileReference; lastKnownFileType = sourcecode.swift; path = Plist.swift; sourceTree = "<group>"; };
		26D51D4223941107003186D2 /* UIView+Swizzling.swift */ = {isa = PBXFileReference; lastKnownFileType = sourcecode.swift; path = "UIView+Swizzling.swift"; sourceTree = "<group>"; };
		26D51D4423942954003186D2 /* Platforms.plist */ = {isa = PBXFileReference; fileEncoding = 4; lastKnownFileType = text.plist.xml; path = Platforms.plist; sourceTree = "<group>"; };
/* End PBXFileReference section */

/* Begin PBXFrameworksBuildPhase section */
		266925A52393AC5C0097C223 /* Frameworks */ = {
			isa = PBXFrameworksBuildPhase;
			buildActionMask = 2147483647;
			files = (
				266925CC2393BACA0097C223 /* AutoScaler.framework in Frameworks */,
			);
			runOnlyForDeploymentPostprocessing = 0;
		};
		266925C22393BACA0097C223 /* Frameworks */ = {
			isa = PBXFrameworksBuildPhase;
			buildActionMask = 2147483647;
			files = (
			);
			runOnlyForDeploymentPostprocessing = 0;
		};
/* End PBXFrameworksBuildPhase section */

/* Begin PBXGroup section */
		2669259F2393AC5C0097C223 = {
			isa = PBXGroup;
			children = (
				266925AA2393AC5C0097C223 /* AutoScale */,
				266925C62393BACA0097C223 /* AutoScaler */,
				266925A92393AC5C0097C223 /* Products */,
			);
			sourceTree = "<group>";
		};
		266925A92393AC5C0097C223 /* Products */ = {
			isa = PBXGroup;
			children = (
				266925A82393AC5C0097C223 /* AutoScale.app */,
				266925C52393BACA0097C223 /* AutoScaler.framework */,
			);
			name = Products;
			sourceTree = "<group>";
		};
		266925AA2393AC5C0097C223 /* AutoScale */ = {
			isa = PBXGroup;
			children = (
				266925AB2393AC5C0097C223 /* AppDelegate.swift */,
				266925AD2393AC5C0097C223 /* SceneDelegate.swift */,
				266925AF2393AC5C0097C223 /* ViewController.swift */,
				266925B12393AC5C0097C223 /* Main.storyboard */,
				266925B42393AC5D0097C223 /* Assets.xcassets */,
				266925B62393AC5D0097C223 /* LaunchScreen.storyboard */,
				266925B92393AC5D0097C223 /* Info.plist */,
			);
			path = AutoScale;
			sourceTree = "<group>";
		};
		266925C62393BACA0097C223 /* AutoScaler */ = {
			isa = PBXGroup;
			children = (
				26D51D4423942954003186D2 /* Platforms.plist */,
				26D51D41239410F5003186D2 /* UIKit */,
				266925D52393BD510097C223 /* DynamicFontScaling */,
				266925D42393BD2F0097C223 /* Util */,
				266925C72393BACA0097C223 /* AutoScaler.h */,
				266925C82393BACA0097C223 /* Info.plist */,
			);
			path = AutoScaler;
			sourceTree = "<group>";
		};
		266925D42393BD2F0097C223 /* Util */ = {
			isa = PBXGroup;
			children = (
				266925D22393BAD80097C223 /* SwizzleConfiguration.swift */,
				266925D92393C20C0097C223 /* Screen.swift */,
				266925DB2393C5780097C223 /* Plist.swift */,
			);
			path = Util;
			sourceTree = "<group>";
		};
		266925D52393BD510097C223 /* DynamicFontScaling */ = {
			isa = PBXGroup;
			children = (
				266925D62393BDFE0097C223 /* DynamicFontScaling.swift */,
			);
			path = DynamicFontScaling;
			sourceTree = "<group>";
		};
		26D51D41239410F5003186D2 /* UIKit */ = {
			isa = PBXGroup;
			children = (
				26D51D4223941107003186D2 /* UIView+Swizzling.swift */,
			);
			path = UIKit;
			sourceTree = "<group>";
		};
/* End PBXGroup section */

/* Begin PBXHeadersBuildPhase section */
		266925C02393BACA0097C223 /* Headers */ = {
			isa = PBXHeadersBuildPhase;
			buildActionMask = 2147483647;
			files = (
				266925C92393BACA0097C223 /* AutoScaler.h in Headers */,
			);
			runOnlyForDeploymentPostprocessing = 0;
		};
/* End PBXHeadersBuildPhase section */

/* Begin PBXNativeTarget section */
		266925A72393AC5C0097C223 /* AutoScale */ = {
			isa = PBXNativeTarget;
			buildConfigurationList = 266925BC2393AC5D0097C223 /* Build configuration list for PBXNativeTarget "AutoScale" */;
			buildPhases = (
				266925A42393AC5C0097C223 /* Sources */,
				266925A52393AC5C0097C223 /* Frameworks */,
				266925A62393AC5C0097C223 /* Resources */,
				266925D12393BACA0097C223 /* Embed Frameworks */,
			);
			buildRules = (
			);
			dependencies = (
				266925CB2393BACA0097C223 /* PBXTargetDependency */,
			);
			name = AutoScale;
			productName = AutoScale;
			productReference = 266925A82393AC5C0097C223 /* AutoScale.app */;
			productType = "com.apple.product-type.application";
		};
		266925C42393BACA0097C223 /* AutoScaler */ = {
			isa = PBXNativeTarget;
			buildConfigurationList = 266925CE2393BACA0097C223 /* Build configuration list for PBXNativeTarget "AutoScaler" */;
			buildPhases = (
				266925C02393BACA0097C223 /* Headers */,
				266925C12393BACA0097C223 /* Sources */,
				266925C22393BACA0097C223 /* Frameworks */,
				266925C32393BACA0097C223 /* Resources */,
			);
			buildRules = (
			);
			dependencies = (
			);
			name = AutoScaler;
			productName = AutoScaler;
			productReference = 266925C52393BACA0097C223 /* AutoScaler.framework */;
			productType = "com.apple.product-type.framework";
		};
/* End PBXNativeTarget section */

/* Begin PBXProject section */
		266925A02393AC5C0097C223 /* Project object */ = {
			isa = PBXProject;
			attributes = {
				LastSwiftUpdateCheck = 1120;
				LastUpgradeCheck = 1120;
				ORGANIZATIONNAME = "Luc Nguyen";
				TargetAttributes = {
					266925A72393AC5C0097C223 = {
						CreatedOnToolsVersion = 11.2.1;
					};
					266925C42393BACA0097C223 = {
						CreatedOnToolsVersion = 11.2.1;
						LastSwiftMigration = 1120;
					};
				};
			};
			buildConfigurationList = 266925A32393AC5C0097C223 /* Build configuration list for PBXProject "AutoScale" */;
			compatibilityVersion = "Xcode 9.3";
			developmentRegion = en;
			hasScannedForEncodings = 0;
			knownRegions = (
				en,
				Base,
			);
			mainGroup = 2669259F2393AC5C0097C223;
			productRefGroup = 266925A92393AC5C0097C223 /* Products */;
			projectDirPath = "";
			projectRoot = "";
			targets = (
				266925A72393AC5C0097C223 /* AutoScale */,
				266925C42393BACA0097C223 /* AutoScaler */,
			);
		};
/* End PBXProject section */

/* Begin PBXResourcesBuildPhase section */
		266925A62393AC5C0097C223 /* Resources */ = {
			isa = PBXResourcesBuildPhase;
			buildActionMask = 2147483647;
			files = (
				266925B82393AC5D0097C223 /* LaunchScreen.storyboard in Resources */,
				26D51D4623942990003186D2 /* Platforms.plist in Resources */,
				266925B52393AC5D0097C223 /* Assets.xcassets in Resources */,
				266925B32393AC5C0097C223 /* Main.storyboard in Resources */,
			);
			runOnlyForDeploymentPostprocessing = 0;
		};
		266925C32393BACA0097C223 /* Resources */ = {
			isa = PBXResourcesBuildPhase;
			buildActionMask = 2147483647;
			files = (
				26D51D4523942954003186D2 /* Platforms.plist in Resources */,
			);
			runOnlyForDeploymentPostprocessing = 0;
		};
/* End PBXResourcesBuildPhase section */

/* Begin PBXSourcesBuildPhase section */
		266925A42393AC5C0097C223 /* Sources */ = {
			isa = PBXSourcesBuildPhase;
			buildActionMask = 2147483647;
			files = (
				266925B02393AC5C0097C223 /* ViewController.swift in Sources */,
				266925AC2393AC5C0097C223 /* AppDelegate.swift in Sources */,
				266925AE2393AC5C0097C223 /* SceneDelegate.swift in Sources */,
			);
			runOnlyForDeploymentPostprocessing = 0;
		};
		266925C12393BACA0097C223 /* Sources */ = {
			isa = PBXSourcesBuildPhase;
			buildActionMask = 2147483647;
			files = (
				266925D72393BDFE0097C223 /* DynamicFontScaling.swift in Sources */,
				26D51D4323941107003186D2 /* UIView+Swizzling.swift in Sources */,
				266925D32393BAD80097C223 /* SwizzleConfiguration.swift in Sources */,
				266925DC2393C5780097C223 /* Plist.swift in Sources */,
				266925DA2393C20C0097C223 /* Screen.swift in Sources */,
			);
			runOnlyForDeploymentPostprocessing = 0;
		};
/* End PBXSourcesBuildPhase section */

/* Begin PBXTargetDependency section */
		266925CB2393BACA0097C223 /* PBXTargetDependency */ = {
			isa = PBXTargetDependency;
			target = 266925C42393BACA0097C223 /* AutoScaler */;
			targetProxy = 266925CA2393BACA0097C223 /* PBXContainerItemProxy */;
		};
/* End PBXTargetDependency section */

/* Begin PBXVariantGroup section */
		266925B12393AC5C0097C223 /* Main.storyboard */ = {
			isa = PBXVariantGroup;
			children = (
				266925B22393AC5C0097C223 /* Base */,
			);
			name = Main.storyboard;
			sourceTree = "<group>";
		};
		266925B62393AC5D0097C223 /* LaunchScreen.storyboard */ = {
			isa = PBXVariantGroup;
			children = (
				266925B72393AC5D0097C223 /* Base */,
			);
			name = LaunchScreen.storyboard;
			sourceTree = "<group>";
		};
/* End PBXVariantGroup section */

/* Begin XCBuildConfiguration section */
		266925BA2393AC5D0097C223 /* Debug */ = {
			isa = XCBuildConfiguration;
			buildSettings = {
				ALWAYS_SEARCH_USER_PATHS = NO;
				CLANG_ANALYZER_NONNULL = YES;
				CLANG_ANALYZER_NUMBER_OBJECT_CONVERSION = YES_AGGRESSIVE;
				CLANG_CXX_LANGUAGE_STANDARD = "gnu++14";
				CLANG_CXX_LIBRARY = "libc++";
				CLANG_ENABLE_MODULES = YES;
				CLANG_ENABLE_OBJC_ARC = YES;
				CLANG_ENABLE_OBJC_WEAK = YES;
				CLANG_WARN_BLOCK_CAPTURE_AUTORELEASING = YES;
				CLANG_WARN_BOOL_CONVERSION = YES;
				CLANG_WARN_COMMA = YES;
				CLANG_WARN_CONSTANT_CONVERSION = YES;
				CLANG_WARN_DEPRECATED_OBJC_IMPLEMENTATIONS = YES;
				CLANG_WARN_DIRECT_OBJC_ISA_USAGE = YES_ERROR;
				CLANG_WARN_DOCUMENTATION_COMMENTS = YES;
				CLANG_WARN_EMPTY_BODY = YES;
				CLANG_WARN_ENUM_CONVERSION = YES;
				CLANG_WARN_INFINITE_RECURSION = YES;
				CLANG_WARN_INT_CONVERSION = YES;
				CLANG_WARN_NON_LITERAL_NULL_CONVERSION = YES;
				CLANG_WARN_OBJC_IMPLICIT_RETAIN_SELF = YES;
				CLANG_WARN_OBJC_LITERAL_CONVERSION = YES;
				CLANG_WARN_OBJC_ROOT_CLASS = YES_ERROR;
				CLANG_WARN_RANGE_LOOP_ANALYSIS = YES;
				CLANG_WARN_STRICT_PROTOTYPES = YES;
				CLANG_WARN_SUSPICIOUS_MOVE = YES;
				CLANG_WARN_UNGUARDED_AVAILABILITY = YES_AGGRESSIVE;
				CLANG_WARN_UNREACHABLE_CODE = YES;
				CLANG_WARN__DUPLICATE_METHOD_MATCH = YES;
				COPY_PHASE_STRIP = NO;
				DEBUG_INFORMATION_FORMAT = dwarf;
				ENABLE_STRICT_OBJC_MSGSEND = YES;
				ENABLE_TESTABILITY = YES;
				GCC_C_LANGUAGE_STANDARD = gnu11;
				GCC_DYNAMIC_NO_PIC = NO;
				GCC_NO_COMMON_BLOCKS = YES;
				GCC_OPTIMIZATION_LEVEL = 0;
				GCC_PREPROCESSOR_DEFINITIONS = (
					"DEBUG=1",
					"$(inherited)",
				);
				GCC_WARN_64_TO_32_BIT_CONVERSION = YES;
				GCC_WARN_ABOUT_RETURN_TYPE = YES_ERROR;
				GCC_WARN_UNDECLARED_SELECTOR = YES;
				GCC_WARN_UNINITIALIZED_AUTOS = YES_AGGRESSIVE;
				GCC_WARN_UNUSED_FUNCTION = YES;
				GCC_WARN_UNUSED_VARIABLE = YES;
				IPHONEOS_DEPLOYMENT_TARGET = 13.2;
				MTL_ENABLE_DEBUG_INFO = INCLUDE_SOURCE;
				MTL_FAST_MATH = YES;
				ONLY_ACTIVE_ARCH = YES;
				SDKROOT = iphoneos;
				SWIFT_ACTIVE_COMPILATION_CONDITIONS = DEBUG;
				SWIFT_OPTIMIZATION_LEVEL = "-Onone";
			};
			name = Debug;
		};
		266925BB2393AC5D0097C223 /* Release */ = {
			isa = XCBuildConfiguration;
			buildSettings = {
				ALWAYS_SEARCH_USER_PATHS = NO;
				CLANG_ANALYZER_NONNULL = YES;
				CLANG_ANALYZER_NUMBER_OBJECT_CONVERSION = YES_AGGRESSIVE;
				CLANG_CXX_LANGUAGE_STANDARD = "gnu++14";
				CLANG_CXX_LIBRARY = "libc++";
				CLANG_ENABLE_MODULES = YES;
				CLANG_ENABLE_OBJC_ARC = YES;
				CLANG_ENABLE_OBJC_WEAK = YES;
				CLANG_WARN_BLOCK_CAPTURE_AUTORELEASING = YES;
				CLANG_WARN_BOOL_CONVERSION = YES;
				CLANG_WARN_COMMA = YES;
				CLANG_WARN_CONSTANT_CONVERSION = YES;
				CLANG_WARN_DEPRECATED_OBJC_IMPLEMENTATIONS = YES;
				CLANG_WARN_DIRECT_OBJC_ISA_USAGE = YES_ERROR;
				CLANG_WARN_DOCUMENTATION_COMMENTS = YES;
				CLANG_WARN_EMPTY_BODY = YES;
				CLANG_WARN_ENUM_CONVERSION = YES;
				CLANG_WARN_INFINITE_RECURSION = YES;
				CLANG_WARN_INT_CONVERSION = YES;
				CLANG_WARN_NON_LITERAL_NULL_CONVERSION = YES;
				CLANG_WARN_OBJC_IMPLICIT_RETAIN_SELF = YES;
				CLANG_WARN_OBJC_LITERAL_CONVERSION = YES;
				CLANG_WARN_OBJC_ROOT_CLASS = YES_ERROR;
				CLANG_WARN_RANGE_LOOP_ANALYSIS = YES;
				CLANG_WARN_STRICT_PROTOTYPES = YES;
				CLANG_WARN_SUSPICIOUS_MOVE = YES;
				CLANG_WARN_UNGUARDED_AVAILABILITY = YES_AGGRESSIVE;
				CLANG_WARN_UNREACHABLE_CODE = YES;
				CLANG_WARN__DUPLICATE_METHOD_MATCH = YES;
				COPY_PHASE_STRIP = NO;
				DEBUG_INFORMATION_FORMAT = "dwarf-with-dsym";
				ENABLE_NS_ASSERTIONS = NO;
				ENABLE_STRICT_OBJC_MSGSEND = YES;
				GCC_C_LANGUAGE_STANDARD = gnu11;
				GCC_NO_COMMON_BLOCKS = YES;
				GCC_WARN_64_TO_32_BIT_CONVERSION = YES;
				GCC_WARN_ABOUT_RETURN_TYPE = YES_ERROR;
				GCC_WARN_UNDECLARED_SELECTOR = YES;
				GCC_WARN_UNINITIALIZED_AUTOS = YES_AGGRESSIVE;
				GCC_WARN_UNUSED_FUNCTION = YES;
				GCC_WARN_UNUSED_VARIABLE = YES;
				IPHONEOS_DEPLOYMENT_TARGET = 13.2;
				MTL_ENABLE_DEBUG_INFO = NO;
				MTL_FAST_MATH = YES;
				SDKROOT = iphoneos;
				SWIFT_COMPILATION_MODE = wholemodule;
				SWIFT_OPTIMIZATION_LEVEL = "-O";
				VALIDATE_PRODUCT = YES;
			};
			name = Release;
		};
		266925BD2393AC5D0097C223 /* Debug */ = {
			isa = XCBuildConfiguration;
			buildSettings = {
				ALWAYS_EMBED_SWIFT_STANDARD_LIBRARIES = YES;
				ASSETCATALOG_COMPILER_APPICON_NAME = AppIcon;
				CODE_SIGN_STYLE = Automatic;
				INFOPLIST_FILE = AutoScale/Info.plist;
				LD_RUNPATH_SEARCH_PATHS = (
					"$(inherited)",
					"@executable_path/Frameworks",
				);
				PRODUCT_BUNDLE_IDENTIFIER = com.autoscale.demo.AutoScale;
				PRODUCT_NAME = "$(TARGET_NAME)";
				SWIFT_VERSION = 5.0;
				TARGETED_DEVICE_FAMILY = "1,2";
			};
			name = Debug;
		};
		266925BE2393AC5D0097C223 /* Release */ = {
			isa = XCBuildConfiguration;
			buildSettings = {
				ALWAYS_EMBED_SWIFT_STANDARD_LIBRARIES = YES;
				ASSETCATALOG_COMPILER_APPICON_NAME = AppIcon;
				CODE_SIGN_STYLE = Automatic;
				INFOPLIST_FILE = AutoScale/Info.plist;
				LD_RUNPATH_SEARCH_PATHS = (
					"$(inherited)",
					"@executable_path/Frameworks",
				);
				PRODUCT_BUNDLE_IDENTIFIER = com.autoscale.demo.AutoScale;
				PRODUCT_NAME = "$(TARGET_NAME)";
				SWIFT_VERSION = 5.0;
				TARGETED_DEVICE_FAMILY = "1,2";
			};
			name = Release;
		};
		266925CF2393BACA0097C223 /* Debug */ = {
			isa = XCBuildConfiguration;
			buildSettings = {
				CLANG_ENABLE_MODULES = YES;
				CODE_SIGN_STYLE = Automatic;
				CURRENT_PROJECT_VERSION = 1;
				DEFINES_MODULE = YES;
				DYLIB_COMPATIBILITY_VERSION = 1;
				DYLIB_CURRENT_VERSION = 1;
				DYLIB_INSTALL_NAME_BASE = "@rpath";
				INFOPLIST_FILE = AutoScaler/Info.plist;
				INSTALL_PATH = "$(LOCAL_LIBRARY_DIR)/Frameworks";
				IPHONEOS_DEPLOYMENT_TARGET = 10.0;
				LD_RUNPATH_SEARCH_PATHS = (
					"$(inherited)",
					"@executable_path/Frameworks",
					"@loader_path/Frameworks",
				);
				PRODUCT_BUNDLE_IDENTIFIER = com.autoscale.framework.AutoScaler;
				PRODUCT_NAME = "$(TARGET_NAME:c99extidentifier)";
				SKIP_INSTALL = YES;
				SUPPORTS_MACCATALYST = NO;
				SWIFT_OPTIMIZATION_LEVEL = "-Onone";
				SWIFT_VERSION = 5.0;
				TARGETED_DEVICE_FAMILY = "1,2";
				VERSIONING_SYSTEM = "apple-generic";
				VERSION_INFO_PREFIX = "";
			};
			name = Debug;
		};
		266925D02393BACA0097C223 /* Release */ = {
			isa = XCBuildConfiguration;
			buildSettings = {
				CLANG_ENABLE_MODULES = YES;
				CODE_SIGN_STYLE = Automatic;
				CURRENT_PROJECT_VERSION = 1;
				DEFINES_MODULE = YES;
				DYLIB_COMPATIBILITY_VERSION = 1;
				DYLIB_CURRENT_VERSION = 1;
				DYLIB_INSTALL_NAME_BASE = "@rpath";
				INFOPLIST_FILE = AutoScaler/Info.plist;
				INSTALL_PATH = "$(LOCAL_LIBRARY_DIR)/Frameworks";
				IPHONEOS_DEPLOYMENT_TARGET = 10.0;
				LD_RUNPATH_SEARCH_PATHS = (
					"$(inherited)",
					"@executable_path/Frameworks",
					"@loader_path/Frameworks",
				);
				PRODUCT_BUNDLE_IDENTIFIER = com.autoscale.framework.AutoScaler;
				PRODUCT_NAME = "$(TARGET_NAME:c99extidentifier)";
				SKIP_INSTALL = YES;
				SUPPORTS_MACCATALYST = NO;
				SWIFT_VERSION = 5.0;
				TARGETED_DEVICE_FAMILY = "1,2";
				VERSIONING_SYSTEM = "apple-generic";
				VERSION_INFO_PREFIX = "";
			};
			name = Release;
		};
/* End XCBuildConfiguration section */

/* Begin XCConfigurationList section */
		266925A32393AC5C0097C223 /* Build configuration list for PBXProject "AutoScale" */ = {
			isa = XCConfigurationList;
			buildConfigurations = (
				266925BA2393AC5D0097C223 /* Debug */,
				266925BB2393AC5D0097C223 /* Release */,
			);
			defaultConfigurationIsVisible = 0;
			defaultConfigurationName = Release;
		};
		266925BC2393AC5D0097C223 /* Build configuration list for PBXNativeTarget "AutoScale" */ = {
			isa = XCConfigurationList;
			buildConfigurations = (
				266925BD2393AC5D0097C223 /* Debug */,
				266925BE2393AC5D0097C223 /* Release */,
			);
			defaultConfigurationIsVisible = 0;
			defaultConfigurationName = Release;
		};
		266925CE2393BACA0097C223 /* Build configuration list for PBXNativeTarget "AutoScaler" */ = {
			isa = XCConfigurationList;
			buildConfigurations = (
				266925CF2393BACA0097C223 /* Debug */,
				266925D02393BACA0097C223 /* Release */,
			);
			defaultConfigurationIsVisible = 0;
			defaultConfigurationName = Release;
		};
/* End XCConfigurationList section */
	};
	rootObject = 266925A02393AC5C0097C223 /* Project object */;
}
